
Microsoft Visual Studio Solution File, Format Version 12.00
# Visual Studio Version 17
VisualStudioVersion = 17.5.33627.172
MinimumVisualStudioVersion = 10.0.40219.1
Project("{FAE04EC0-301F-11D3-BF4B-00C04F79EFBC}") = "ControleDeContatos", "ControleDeContatos.csproj", "{B96C96B4-9D15-4741-9C38-F7D27ACE1AEA}"
EndProject
Global
	GlobalSection(SolutionConfigurationPlatforms) = preSolution
		Debug|Any CPU = Debug|Any CPU
		Release|Any CPU = Release|Any CPU
	EndGlobalSection
	GlobalSection(ProjectConfigurationPlatforms) = postSolution
		{B96C96B4-9D15-4741-9C38-F7D27ACE1AEA}.Debug|Any CPU.ActiveCfg = Debug|Any CPU
		{B96C96B4-9D15-4741-9C38-F7D27ACE1AEA}.Debug|Any CPU.Build.0 = Debug|Any CPU
		{B96C96B4-9D15-4741-9C38-F7D27ACE1AEA}.Release|Any CPU.ActiveCfg = Release|Any CPU
		{B96C96B4-9D15-4741-9C38-F7D27ACE1AEA}.Release|Any CPU.Build.0 = Release|Any CPU
	EndGlobalSection
	GlobalSection(SolutionProperties) = preSolution
		HideSolutionNode = FALSE
	EndGlobalSection
	GlobalSection(ExtensibilityGlobals) = postSolution
		SolutionGuid = {A591CEA3-893E-4EEF-AFF5-F52671B249DB}
	EndGlobalSection
EndGlobal
