
Microsoft Visual Studio Solution File, Format Version 12.00
# Visual Studio Version 17
VisualStudioVersion = 17.5.33627.172
MinimumVisualStudioVersion = 10.0.40219.1
Project("{FAE04EC0-301F-11D3-BF4B-00C04F79EFBC}") = "SistemaDeTarefas", "SistemaDeTarefas.csproj", "{301CDC45-8595-44A7-A596-40DA710F4A23}"
EndProject
Global
	GlobalSection(SolutionConfigurationPlatforms) = preSolution
		Debug|Any CPU = Debug|Any CPU
		Release|Any CPU = Release|Any CPU
	EndGlobalSection
	GlobalSection(ProjectConfigurationPlatforms) = postSolution
		{301CDC45-8595-44A7-A596-40DA710F4A23}.Debug|Any CPU.ActiveCfg = Debug|Any CPU
		{301CDC45-8595-44A7-A596-40DA710F4A23}.Debug|Any CPU.Build.0 = Debug|Any CPU
		{301CDC45-8595-44A7-A596-40DA710F4A23}.Release|Any CPU.ActiveCfg = Release|Any CPU
		{301CDC45-8595-44A7-A596-40DA710F4A23}.Release|Any CPU.Build.0 = Release|Any CPU
	EndGlobalSection
	GlobalSection(SolutionProperties) = preSolution
		HideSolutionNode = FALSE
	EndGlobalSection
	GlobalSection(ExtensibilityGlobals) = postSolution
		SolutionGuid = {A70563BD-6147-4F83-8487-9A4AC5C5D523}
	EndGlobalSection
EndGlobal
